<?xml version="1.0" encoding="utf-8"?>
<Project ToolsVersion="4.0" xmlns="http://schemas.microsoft.com/developer/msbuild/2003">
  <ItemGroup>
    <Filter Include="Utils">
      <UniqueIdentifier>{2ec2746b-e996-4ef8-a664-eaade6a271af}</UniqueIdentifier>
    </Filter>
    <Filter Include="API">
      <UniqueIdentifier>{93995380-89BD-4b04-88EB-625FBE52EBFB}</UniqueIdentifier>
      <Extensions>h;hh;hpp;hxx;hm;inl;inc;ipp;xsd</Extensions>
    </Filter>
    <Filter Include="AssemblyCode">
      <UniqueIdentifier>{38fd80e5-e688-4774-ac56-e79b45a0403e}</UniqueIdentifier>
    </Filter>
    <Filter Include="Injectors">
      <UniqueIdentifier>{81e7be5e-93a5-428d-b76e-c8fdb3842308}</UniqueIdentifier>
    </Filter>
    <Filter Include="PayloadData">
      <UniqueIdentifier>{224dc7ad-486f-4082-b5ab-e1804f15a5a8}</UniqueIdentifier>
    </Filter>
    <Filter Include="AssemblyCode\AssemblyCodeGenerator">
      <UniqueIdentifier>{0bf0f84b-77b0-42d7-8ea8-9c95860655d5}</UniqueIdentifier>
    </Filter>
    <Filter Include="ErrorHandler">
      <UniqueIdentifier>{4ed5ac29-05e8-4fc1-b1fe-ac00f8470989}</UniqueIdentifier>
    </Filter>
    <Filter Include="Utils\Source Files">
      <UniqueIdentifier>{4FC737F1-C7A5-4376-A066-2A32D752A2FF}</UniqueIdentifier>
      <Extensions>cpp;c;cc;cxx;def;odl;idl;hpj;bat;asm;asmx</Extensions>
    </Filter>
  </ItemGroup>
  <ItemGroup>
    <ClInclude Include="pch.h">
      <Filter>API</Filter>
    </ClInclude>
    <ClInclude Include="FunInjectorAPI.h">
      <Filter>API</Filter>
    </ClInclude>
    <ClInclude Include="ByteBuffer.h">
      <Filter>Utils</Filter>
    </ClInclude>
    <ClInclude Include="FuncHookProcessInjector.h">
      <Filter>Injectors</Filter>
    </ClInclude>
    <ClInclude Include="AssemblyCode.h">
      <Filter>AssemblyCode</Filter>
    </ClInclude>
    <ClInclude Include="AssemblyCodeManager.h">
      <Filter>AssemblyCode</Filter>
    </ClInclude>
    <ClInclude Include="AssemblyCodeGenerator32.h">
      <Filter>AssemblyCode\AssemblyCodeGenerator</Filter>
    </ClInclude>
    <ClInclude Include="AssemblyCodeGenerator64.h">
      <Filter>AssemblyCode\AssemblyCodeGenerator</Filter>
    </ClInclude>
    <ClInclude Include="IAssemblyCodeGenerator.h">
      <Filter>AssemblyCode\AssemblyCodeGenerator</Filter>
    </ClInclude>
    <ClInclude Include="PayloadDataHolder.h">
      <Filter>PayloadData</Filter>
    </ClInclude>
    <ClInclude Include="RemoteProcessInspector.h">
      <Filter>Utils</Filter>
    </ClInclude>
    <ClInclude Include="ProcessModuleInspector.h">
      <Filter>Utils</Filter>
    </ClInclude>
    <ClInclude Include="ProcessMemoryInspector.h">
      <Filter>Utils</Filter>
    </ClInclude>
    <ClInclude Include="ProcessFunctionInspector.h">
      <Filter>Utils</Filter>
    </ClInclude>
    <ClInclude Include="ProcessInformationInspector.h">
      <Filter>Utils</Filter>
    </ClInclude>
    <ClInclude Include="ExceptionHandler.h">
      <Filter>ErrorHandler</Filter>
    </ClInclude>
    <ClInclude Include="ProcessInjectorBase.h">
      <Filter>Injectors</Filter>
    </ClInclude>
    <ClInclude Include="NtDeclarations.h">
      <Filter>Utils</Filter>
    </ClInclude>
  </ItemGroup>
  <ItemGroup>
    <ClCompile Include="pch.cpp">
      <Filter>Utils\Source Files</Filter>
    </ClCompile>
    <ClCompile Include="FunInjectorAPI.cpp">
      <Filter>Utils\Source Files</Filter>
    </ClCompile>
    <ClCompile Include="FuncHookProcessInjector.cpp">
      <Filter>Injectors</Filter>
    </ClCompile>
    <ClCompile Include="AssemblyCode.cpp">
      <Filter>AssemblyCode</Filter>
    </ClCompile>
    <ClCompile Include="AssemblyCodeManager.cpp">
      <Filter>AssemblyCode</Filter>
    </ClCompile>
    <ClCompile Include="PayloadDataHolder.cpp">
      <Filter>PayloadData</Filter>
    </ClCompile>
    <ClCompile Include="ProcessModuleInspector.cpp">
      <Filter>Utils</Filter>
    </ClCompile>
    <ClCompile Include="ProcessMemoryInspector.cpp">
      <Filter>Utils</Filter>
    </ClCompile>
    <ClCompile Include="ProcessFunctionInspector.cpp">
      <Filter>Utils</Filter>
    </ClCompile>
    <ClCompile Include="ProcessInformationInspector.cpp">
      <Filter>Utils</Filter>
    </ClCompile>
    <ClCompile Include="dllmain.cpp">
      <Filter>Utils\Source Files</Filter>
    </ClCompile>
  </ItemGroup>
  <ItemGroup>
    <None Include="FunInjector.def">
      <Filter>Utils\Source Files</Filter>
    </None>
  </ItemGroup>
</Project>