<?xml version="1.0" encoding="utf-8"?>
<Project ToolsVersion="4.0" xmlns="http://schemas.microsoft.com/developer/msbuild/2003">
  <ItemGroup>
    <Filter Include="Source Files">
      <UniqueIdentifier>{4FC737F1-C7A5-4376-A066-2A32D752A2FF}</UniqueIdentifier>
      <Extensions>cpp;c;cc;cxx;def;odl;idl;hpj;bat;asm;asmx</Extensions>
    </Filter>
    <Filter Include="Utils">
      <UniqueIdentifier>{2ec2746b-e996-4ef8-a664-eaade6a271af}</UniqueIdentifier>
    </Filter>
    <Filter Include="RemoteHook">
      <UniqueIdentifier>{224dc7ad-486f-4082-b5ab-e1804f15a5a8}</UniqueIdentifier>
    </Filter>
    <Filter Include="API">
      <UniqueIdentifier>{93995380-89BD-4b04-88EB-625FBE52EBFB}</UniqueIdentifier>
      <Extensions>h;hh;hpp;hxx;hm;inl;inc;ipp;xsd</Extensions>
    </Filter>
    <Filter Include="AssemblyCode">
      <UniqueIdentifier>{38fd80e5-e688-4774-ac56-e79b45a0403e}</UniqueIdentifier>
    </Filter>
  </ItemGroup>
  <ItemGroup>
    <ClInclude Include="pch.h">
      <Filter>API</Filter>
    </ClInclude>
    <ClInclude Include="ProcessInformationUtils.h">
      <Filter>Utils</Filter>
    </ClInclude>
    <ClInclude Include="RemoteHook.h">
      <Filter>RemoteHook</Filter>
    </ClInclude>
    <ClInclude Include="RemoteHookGenerator.h">
      <Filter>RemoteHook</Filter>
    </ClInclude>
    <ClInclude Include="FunInjectorAPI.h">
      <Filter>API</Filter>
    </ClInclude>
    <ClInclude Include="AssemblyCodeGenerator.h">
      <Filter>AssemblyCode</Filter>
    </ClInclude>
    <ClInclude Include="ByteBuffer.h">
      <Filter>Utils</Filter>
    </ClInclude>
  </ItemGroup>
  <ItemGroup>
    <ClCompile Include="pch.cpp">
      <Filter>Source Files</Filter>
    </ClCompile>
    <ClCompile Include="ProcessInformationUtils.cpp">
      <Filter>Utils</Filter>
    </ClCompile>
    <ClCompile Include="RemoteHook.cpp">
      <Filter>RemoteHook</Filter>
    </ClCompile>
    <ClCompile Include="RemoteHookGenerator.cpp">
      <Filter>RemoteHook</Filter>
    </ClCompile>
    <ClCompile Include="FunInjectorAPI.cpp">
      <Filter>Source Files</Filter>
    </ClCompile>
  </ItemGroup>
</Project>