
Microsoft Visual Studio Solution File, Format Version 12.00
# Visual Studio 15
VisualStudioVersion = 15.0.28307.779
MinimumVisualStudioVersion = 10.0.40219.1
Project("{8BC9CEB8-8B4A-11D0-8D11-00A0C91BC942}") = "FunInjector", "FunInjector.vcxproj", "{DDCEF22B-9F6C-4471-8A6B-DF619BA43289}"
EndProject
Project("{8BC9CEB8-8B4A-11D0-8D11-00A0C91BC942}") = "FunInjectorTestConsoleApp", "..\FunInjectorTestConsoleApp\FunInjectorTestConsoleApp.vcxproj", "{ABA92EAC-5A18-4FEC-9B33-2FAA9C160F72}"
	ProjectSection(ProjectDependencies) = postProject
		{DDCEF22B-9F6C-4471-8A6B-DF619BA43289} = {DDCEF22B-9F6C-4471-8A6B-DF619BA43289}
	EndProjectSection
EndProject
Project("{8BC9CEB8-8B4A-11D0-8D11-00A0C91BC942}") = "TestDll", "..\TestDll\TestDll.vcxproj", "{0F9C0883-FE80-48BA-8485-AEFB7D8816DA}"
EndProject
Project("{8BC9CEB8-8B4A-11D0-8D11-00A0C91BC942}") = "TestProcess", "..\TestProcess\TestProcess.vcxproj", "{D17C55D5-32FE-4638-8AE6-C3450C1A85DC}"
EndProject
Global
	GlobalSection(SolutionConfigurationPlatforms) = preSolution
		Debug|x64 = Debug|x64
		Debug|x86 = Debug|x86
		Release|x64 = Release|x64
		Release|x86 = Release|x86
	EndGlobalSection
	GlobalSection(ProjectConfigurationPlatforms) = postSolution
		{DDCEF22B-9F6C-4471-8A6B-DF619BA43289}.Debug|x64.ActiveCfg = Debug|x64
		{DDCEF22B-9F6C-4471-8A6B-DF619BA43289}.Debug|x64.Build.0 = Debug|x64
		{DDCEF22B-9F6C-4471-8A6B-DF619BA43289}.Debug|x86.ActiveCfg = Debug|Win32
		{DDCEF22B-9F6C-4471-8A6B-DF619BA43289}.Debug|x86.Build.0 = Debug|Win32
		{DDCEF22B-9F6C-4471-8A6B-DF619BA43289}.Release|x64.ActiveCfg = Release|x64
		{DDCEF22B-9F6C-4471-8A6B-DF619BA43289}.Release|x64.Build.0 = Release|x64
		{DDCEF22B-9F6C-4471-8A6B-DF619BA43289}.Release|x86.ActiveCfg = Release|Win32
		{DDCEF22B-9F6C-4471-8A6B-DF619BA43289}.Release|x86.Build.0 = Release|Win32
		{ABA92EAC-5A18-4FEC-9B33-2FAA9C160F72}.Debug|x64.ActiveCfg = Debug|x64
		{ABA92EAC-5A18-4FEC-9B33-2FAA9C160F72}.Debug|x64.Build.0 = Debug|x64
		{ABA92EAC-5A18-4FEC-9B33-2FAA9C160F72}.Debug|x86.ActiveCfg = Debug|Win32
		{ABA92EAC-5A18-4FEC-9B33-2FAA9C160F72}.Debug|x86.Build.0 = Debug|Win32
		{ABA92EAC-5A18-4FEC-9B33-2FAA9C160F72}.Release|x64.ActiveCfg = Release|x64
		{ABA92EAC-5A18-4FEC-9B33-2FAA9C160F72}.Release|x64.Build.0 = Release|x64
		{ABA92EAC-5A18-4FEC-9B33-2FAA9C160F72}.Release|x86.ActiveCfg = Release|Win32
		{ABA92EAC-5A18-4FEC-9B33-2FAA9C160F72}.Release|x86.Build.0 = Release|Win32
		{0F9C0883-FE80-48BA-8485-AEFB7D8816DA}.Debug|x64.ActiveCfg = Debug|x64
		{0F9C0883-FE80-48BA-8485-AEFB7D8816DA}.Debug|x64.Build.0 = Debug|x64
		{0F9C0883-FE80-48BA-8485-AEFB7D8816DA}.Debug|x86.ActiveCfg = Debug|Win32
		{0F9C0883-FE80-48BA-8485-AEFB7D8816DA}.Debug|x86.Build.0 = Debug|Win32
		{0F9C0883-FE80-48BA-8485-AEFB7D8816DA}.Release|x64.ActiveCfg = Release|x64
		{0F9C0883-FE80-48BA-8485-AEFB7D8816DA}.Release|x64.Build.0 = Release|x64
		{0F9C0883-FE80-48BA-8485-AEFB7D8816DA}.Release|x86.ActiveCfg = Release|Win32
		{0F9C0883-FE80-48BA-8485-AEFB7D8816DA}.Release|x86.Build.0 = Release|Win32
		{D17C55D5-32FE-4638-8AE6-C3450C1A85DC}.Debug|x64.ActiveCfg = Debug|x64
		{D17C55D5-32FE-4638-8AE6-C3450C1A85DC}.Debug|x64.Build.0 = Debug|x64
		{D17C55D5-32FE-4638-8AE6-C3450C1A85DC}.Debug|x86.ActiveCfg = Debug|Win32
		{D17C55D5-32FE-4638-8AE6-C3450C1A85DC}.Debug|x86.Build.0 = Debug|Win32
		{D17C55D5-32FE-4638-8AE6-C3450C1A85DC}.Release|x64.ActiveCfg = Release|x64
		{D17C55D5-32FE-4638-8AE6-C3450C1A85DC}.Release|x64.Build.0 = Release|x64
		{D17C55D5-32FE-4638-8AE6-C3450C1A85DC}.Release|x86.ActiveCfg = Release|Win32
		{D17C55D5-32FE-4638-8AE6-C3450C1A85DC}.Release|x86.Build.0 = Release|Win32
	EndGlobalSection
	GlobalSection(SolutionProperties) = preSolution
		HideSolutionNode = FALSE
	EndGlobalSection
	GlobalSection(ExtensibilityGlobals) = postSolution
		SolutionGuid = {7270CB84-BEE5-47C9-B348-A2D7617BC4D6}
	EndGlobalSection
EndGlobal
